// !$*UTF8*$!
{
	archiveVersion = 1;
	classes = {
	};
	objectVersion = 46;
	objects = {

/* Begin PBXBuildFile section */
		D83E1B6A1411528100CB1258 /* InfoPlist.strings in Resources */ = {isa = PBXBuildFile; fileRef = D83E1B681411528100CB1258 /* InfoPlist.strings */; };
		D83E1B761411528100CB1258 /* SenTestingKit.framework in Frameworks */ = {isa = PBXBuildFile; fileRef = D83E1B751411528100CB1258 /* SenTestingKit.framework */; };
		D83E1B7A1411528100CB1258 /* PonyExpress.framework in Frameworks */ = {isa = PBXBuildFile; fileRef = D83E1B5C1411528100CB1258 /* PonyExpress.framework */; };
		D83E1B801411528100CB1258 /* InfoPlist.strings in Resources */ = {isa = PBXBuildFile; fileRef = D83E1B7E1411528100CB1258 /* InfoPlist.strings */; };
		D83E1B831411528100CB1258 /* PonyExpressTests.m in Sources */ = {isa = PBXBuildFile; fileRef = D83E1B821411528100CB1258 /* PonyExpressTests.m */; };
		D83E1B98141190B000CB1258 /* PEOSCSender.h in Headers */ = {isa = PBXBuildFile; fileRef = D83E1B96141190B000CB1258 /* PEOSCSender.h */; settings = {ATTRIBUTES = (Public, ); }; };
		D83E1B99141190B000CB1258 /* PEOSCSender.m in Sources */ = {isa = PBXBuildFile; fileRef = D83E1B97141190B000CB1258 /* PEOSCSender.m */; };
		D83E1B9A141190B000CB1258 /* PEOSCSender.m in Sources */ = {isa = PBXBuildFile; fileRef = D83E1B97141190B000CB1258 /* PEOSCSender.m */; };
		D83E1B9C141190E200CB1258 /* PonyExpress.h in Headers */ = {isa = PBXBuildFile; fileRef = D83E1B6C1411528100CB1258 /* PonyExpress.h */; settings = {ATTRIBUTES = (Public, ); }; };
		D83E1BA114119A2C00CB1258 /* PEOSCMessage.h in Headers */ = {isa = PBXBuildFile; fileRef = D83E1B9F14119A2C00CB1258 /* PEOSCMessage.h */; settings = {ATTRIBUTES = (Public, ); }; };
		D83E1BA214119A2C00CB1258 /* PEOSCMessage.m in Sources */ = {isa = PBXBuildFile; fileRef = D83E1BA014119A2C00CB1258 /* PEOSCMessage.m */; };
		D83E1BA314119A2C00CB1258 /* PEOSCMessage.m in Sources */ = {isa = PBXBuildFile; fileRef = D83E1BA014119A2C00CB1258 /* PEOSCMessage.m */; };
		D83E1BAD1411A36600CB1258 /* Foundation.framework in Frameworks */ = {isa = PBXBuildFile; fileRef = D83E1B641411528100CB1258 /* Foundation.framework */; };
		D83E1BAF1411A41400CB1258 /* PEOSCMessage-Private.h in Headers */ = {isa = PBXBuildFile; fileRef = D83E1BAE1411A41400CB1258 /* PEOSCMessage-Private.h */; settings = {ATTRIBUTES = (Private, ); }; };
		D83E1BD91412F87A00CB1258 /* Foundation.framework in Frameworks */ = {isa = PBXBuildFile; fileRef = D83E1B641411528100CB1258 /* Foundation.framework */; };
		D83E1BDC1412F87A00CB1258 /* main.m in Sources */ = {isa = PBXBuildFile; fileRef = D83E1BDB1412F87A00CB1258 /* main.m */; };
		D83E1BE01412F87A00CB1258 /* OrphanExample.1 in CopyFiles */ = {isa = PBXBuildFile; fileRef = D83E1BDF1412F87A00CB1258 /* OrphanExample.1 */; };
		D83E1BE41412F98800CB1258 /* PonyExpress.framework in Frameworks */ = {isa = PBXBuildFile; fileRef = D83E1B5C1411528100CB1258 /* PonyExpress.framework */; };
		D83E1BE7141349A600CB1258 /* Foundation.framework in Frameworks */ = {isa = PBXBuildFile; fileRef = D83E1B641411528100CB1258 /* Foundation.framework */; };
		D84ED0731417FC9C00AD4737 /* PonyExpressMessageTests.m in Sources */ = {isa = PBXBuildFile; fileRef = D84ED0721417FC9C00AD4737 /* PonyExpressMessageTests.m */; };
		D87C18001413FCA7005A08F3 /* PonyExpress-Internal.h in Headers */ = {isa = PBXBuildFile; fileRef = D87C17FF1413FCA7005A08F3 /* PonyExpress-Internal.h */; };
		D8BA3BA31416C4C70076037F /* AsyncUdpSocket.h in Headers */ = {isa = PBXBuildFile; fileRef = D8BA3BA11416C4C70076037F /* AsyncUdpSocket.h */; };
		D8BA3BA41416C4C70076037F /* AsyncUdpSocket.m in Sources */ = {isa = PBXBuildFile; fileRef = D8BA3BA21416C4C70076037F /* AsyncUdpSocket.m */; settings = {COMPILER_FLAGS = "-fno-objc-arc"; }; };
/* End PBXBuildFile section */

/* Begin PBXContainerItemProxy section */
		D83E1B781411528100CB1258 /* PBXContainerItemProxy */ = {
			isa = PBXContainerItemProxy;
			containerPortal = D83E1B521411528000CB1258 /* Project object */;
			proxyType = 1;
			remoteGlobalIDString = D83E1B5B1411528100CB1258;
			remoteInfo = PonyExpress;
		};
		D83E1BE51412F98F00CB1258 /* PBXContainerItemProxy */ = {
			isa = PBXContainerItemProxy;
			containerPortal = D83E1B521411528000CB1258 /* Project object */;
			proxyType = 1;
			remoteGlobalIDString = D83E1B5B1411528100CB1258;
			remoteInfo = PonyExpress;
		};
/* End PBXContainerItemProxy section */

/* Begin PBXCopyFilesBuildPhase section */
		D83E1BD51412F87A00CB1258 /* CopyFiles */ = {
			isa = PBXCopyFilesBuildPhase;
			buildActionMask = 2147483647;
			dstPath = /usr/share/man/man1/;
			dstSubfolderSpec = 0;
			files = (
				D83E1BE01412F87A00CB1258 /* OrphanExample.1 in CopyFiles */,
			);
			runOnlyForDeploymentPostprocessing = 1;
		};
/* End PBXCopyFilesBuildPhase section */

/* Begin PBXFileReference section */
		D83E1B5C1411528100CB1258 /* PonyExpress.framework */ = {isa = PBXFileReference; explicitFileType = wrapper.framework; includeInIndex = 0; path = PonyExpress.framework; sourceTree = BUILT_PRODUCTS_DIR; };
		D83E1B641411528100CB1258 /* Foundation.framework */ = {isa = PBXFileReference; lastKnownFileType = wrapper.framework; name = Foundation.framework; path = System/Library/Frameworks/Foundation.framework; sourceTree = SDKROOT; };
		D83E1B671411528100CB1258 /* PonyExpress-Info.plist */ = {isa = PBXFileReference; lastKnownFileType = text.plist.xml; path = "PonyExpress-Info.plist"; sourceTree = "<group>"; };
		D83E1B691411528100CB1258 /* en */ = {isa = PBXFileReference; lastKnownFileType = text.plist.strings; name = en; path = en.lproj/InfoPlist.strings; sourceTree = "<group>"; };
		D83E1B6B1411528100CB1258 /* PonyExpress-Prefix.pch */ = {isa = PBXFileReference; lastKnownFileType = sourcecode.c.h; path = "PonyExpress-Prefix.pch"; sourceTree = "<group>"; };
		D83E1B6C1411528100CB1258 /* PonyExpress.h */ = {isa = PBXFileReference; lastKnownFileType = sourcecode.c.h; path = PonyExpress.h; sourceTree = "<group>"; };
		D83E1B741411528100CB1258 /* PonyExpressTests.octest */ = {isa = PBXFileReference; explicitFileType = wrapper.cfbundle; includeInIndex = 0; path = PonyExpressTests.octest; sourceTree = BUILT_PRODUCTS_DIR; };
		D83E1B751411528100CB1258 /* SenTestingKit.framework */ = {isa = PBXFileReference; lastKnownFileType = wrapper.framework; name = SenTestingKit.framework; path = Library/Frameworks/SenTestingKit.framework; sourceTree = DEVELOPER_DIR; };
		D83E1B7D1411528100CB1258 /* PonyExpressTests-Info.plist */ = {isa = PBXFileReference; lastKnownFileType = text.plist.xml; path = "PonyExpressTests-Info.plist"; sourceTree = "<group>"; };
		D83E1B7F1411528100CB1258 /* en */ = {isa = PBXFileReference; lastKnownFileType = text.plist.strings; name = en; path = en.lproj/InfoPlist.strings; sourceTree = "<group>"; };
		D83E1B811411528100CB1258 /* PonyExpressTests.h */ = {isa = PBXFileReference; lastKnownFileType = sourcecode.c.h; path = PonyExpressTests.h; sourceTree = "<group>"; };
		D83E1B821411528100CB1258 /* PonyExpressTests.m */ = {isa = PBXFileReference; lastKnownFileType = sourcecode.c.objc; path = PonyExpressTests.m; sourceTree = "<group>"; };
		D83E1B8C1411737B00CB1258 /* CHANGELOG */ = {isa = PBXFileReference; lastKnownFileType = text; path = CHANGELOG; sourceTree = SOURCE_ROOT; };
		D83E1B8D1411737B00CB1258 /* NOTES */ = {isa = PBXFileReference; lastKnownFileType = text; path = NOTES; sourceTree = SOURCE_ROOT; };
		D83E1B8E1411737B00CB1258 /* README.markdown */ = {isa = PBXFileReference; lastKnownFileType = text; path = README.markdown; sourceTree = SOURCE_ROOT; };
		D83E1B8F1411737B00CB1258 /* TODO */ = {isa = PBXFileReference; lastKnownFileType = text; path = TODO; sourceTree = SOURCE_ROOT; };
		D83E1B96141190B000CB1258 /* PEOSCSender.h */ = {isa = PBXFileReference; fileEncoding = 4; lastKnownFileType = sourcecode.c.h; path = PEOSCSender.h; sourceTree = "<group>"; };
		D83E1B97141190B000CB1258 /* PEOSCSender.m */ = {isa = PBXFileReference; fileEncoding = 4; lastKnownFileType = sourcecode.c.objc; path = PEOSCSender.m; sourceTree = "<group>"; };
		D83E1B9F14119A2C00CB1258 /* PEOSCMessage.h */ = {isa = PBXFileReference; fileEncoding = 4; lastKnownFileType = sourcecode.c.h; path = PEOSCMessage.h; sourceTree = "<group>"; };
		D83E1BA014119A2C00CB1258 /* PEOSCMessage.m */ = {isa = PBXFileReference; fileEncoding = 4; lastKnownFileType = sourcecode.c.objc; path = PEOSCMessage.m; sourceTree = "<group>"; };
		D83E1BAE1411A41400CB1258 /* PEOSCMessage-Private.h */ = {isa = PBXFileReference; fileEncoding = 4; lastKnownFileType = sourcecode.c.h; path = "PEOSCMessage-Private.h"; sourceTree = "<group>"; };
		D83E1BD71412F87A00CB1258 /* OrphanExample */ = {isa = PBXFileReference; explicitFileType = "compiled.mach-o.executable"; includeInIndex = 0; path = OrphanExample; sourceTree = BUILT_PRODUCTS_DIR; };
		D83E1BDB1412F87A00CB1258 /* main.m */ = {isa = PBXFileReference; lastKnownFileType = sourcecode.c.objc; path = main.m; sourceTree = "<group>"; };
		D83E1BDE1412F87A00CB1258 /* OrphanExample-Prefix.pch */ = {isa = PBXFileReference; lastKnownFileType = sourcecode.c.h; path = "OrphanExample-Prefix.pch"; sourceTree = "<group>"; };
		D83E1BDF1412F87A00CB1258 /* OrphanExample.1 */ = {isa = PBXFileReference; lastKnownFileType = text.man; path = OrphanExample.1; sourceTree = "<group>"; };
		D84ED0711417FC9C00AD4737 /* PonyExpressMessageTests.h */ = {isa = PBXFileReference; fileEncoding = 4; lastKnownFileType = sourcecode.c.h; path = PonyExpressMessageTests.h; sourceTree = "<group>"; };
		D84ED0721417FC9C00AD4737 /* PonyExpressMessageTests.m */ = {isa = PBXFileReference; fileEncoding = 4; lastKnownFileType = sourcecode.c.objc; path = PonyExpressMessageTests.m; sourceTree = "<group>"; };
		D87C17FF1413FCA7005A08F3 /* PonyExpress-Internal.h */ = {isa = PBXFileReference; fileEncoding = 4; lastKnownFileType = sourcecode.c.h; path = "PonyExpress-Internal.h"; sourceTree = "<group>"; };
		D8BA3BA11416C4C70076037F /* AsyncUdpSocket.h */ = {isa = PBXFileReference; fileEncoding = 4; lastKnownFileType = sourcecode.c.h; name = AsyncUdpSocket.h; path = vendor/CocoaAsyncSocket/RunLoop/AsyncUdpSocket.h; sourceTree = SOURCE_ROOT; };
		D8BA3BA21416C4C70076037F /* AsyncUdpSocket.m */ = {isa = PBXFileReference; fileEncoding = 4; lastKnownFileType = sourcecode.c.objc; name = AsyncUdpSocket.m; path = vendor/CocoaAsyncSocket/RunLoop/AsyncUdpSocket.m; sourceTree = SOURCE_ROOT; };
/* End PBXFileReference section */

/* Begin PBXFrameworksBuildPhase section */
		D83E1B581411528100CB1258 /* Frameworks */ = {
			isa = PBXFrameworksBuildPhase;
			buildActionMask = 2147483647;
			files = (
				D83E1BAD1411A36600CB1258 /* Foundation.framework in Frameworks */,
			);
			runOnlyForDeploymentPostprocessing = 0;
		};
		D83E1B701411528100CB1258 /* Frameworks */ = {
			isa = PBXFrameworksBuildPhase;
			buildActionMask = 2147483647;
			files = (
				D83E1B761411528100CB1258 /* SenTestingKit.framework in Frameworks */,
				D83E1BE7141349A600CB1258 /* Foundation.framework in Frameworks */,
				D83E1B7A1411528100CB1258 /* PonyExpress.framework in Frameworks */,
			);
			runOnlyForDeploymentPostprocessing = 0;
		};
		D83E1BD41412F87A00CB1258 /* Frameworks */ = {
			isa = PBXFrameworksBuildPhase;
			buildActionMask = 2147483647;
			files = (
				D83E1BD91412F87A00CB1258 /* Foundation.framework in Frameworks */,
				D83E1BE41412F98800CB1258 /* PonyExpress.framework in Frameworks */,
			);
			runOnlyForDeploymentPostprocessing = 0;
		};
/* End PBXFrameworksBuildPhase section */

/* Begin PBXGroup section */
		D83E1B501411528000CB1258 = {
			isa = PBXGroup;
			children = (
				D83E1B651411528100CB1258 /* PonyExpress */,
				D83E1B7B1411528100CB1258 /* PonyExpressTests */,
				D83E1BDA1412F87A00CB1258 /* OrphanExample */,
				D83E1B5E1411528100CB1258 /* Frameworks */,
				D83E1B5D1411528100CB1258 /* Products */,
			);
			sourceTree = "<group>";
		};
		D83E1B5D1411528100CB1258 /* Products */ = {
			isa = PBXGroup;
			children = (
				D83E1B5C1411528100CB1258 /* PonyExpress.framework */,
				D83E1B741411528100CB1258 /* PonyExpressTests.octest */,
				D83E1BD71412F87A00CB1258 /* OrphanExample */,
			);
			name = Products;
			sourceTree = "<group>";
		};
		D83E1B5E1411528100CB1258 /* Frameworks */ = {
			isa = PBXGroup;
			children = (
				D83E1B641411528100CB1258 /* Foundation.framework */,
				D83E1B751411528100CB1258 /* SenTestingKit.framework */,
				D83E1B611411528100CB1258 /* Other Frameworks */,
			);
			name = Frameworks;
			sourceTree = "<group>";
		};
		D83E1B611411528100CB1258 /* Other Frameworks */ = {
			isa = PBXGroup;
			children = (
			);
			name = "Other Frameworks";
			sourceTree = "<group>";
		};
		D83E1B651411528100CB1258 /* PonyExpress */ = {
			isa = PBXGroup;
			children = (
				D83E1B6C1411528100CB1258 /* PonyExpress.h */,
				D87C17FF1413FCA7005A08F3 /* PonyExpress-Internal.h */,
				D83E1B9F14119A2C00CB1258 /* PEOSCMessage.h */,
				D83E1BAE1411A41400CB1258 /* PEOSCMessage-Private.h */,
				D83E1BA014119A2C00CB1258 /* PEOSCMessage.m */,
				D83E1B96141190B000CB1258 /* PEOSCSender.h */,
				D83E1B97141190B000CB1258 /* PEOSCSender.m */,
				D87C17F81413F3CF005A08F3 /* AsyncSocket */,
				D83E1B661411528100CB1258 /* Supporting Files */,
				D83E1B8E1411737B00CB1258 /* README.markdown */,
				D83E1B8C1411737B00CB1258 /* CHANGELOG */,
				D83E1B8D1411737B00CB1258 /* NOTES */,
				D83E1B8F1411737B00CB1258 /* TODO */,
			);
			path = PonyExpress;
			sourceTree = "<group>";
		};
		D83E1B661411528100CB1258 /* Supporting Files */ = {
			isa = PBXGroup;
			children = (
				D83E1B671411528100CB1258 /* PonyExpress-Info.plist */,
				D83E1B681411528100CB1258 /* InfoPlist.strings */,
				D83E1B6B1411528100CB1258 /* PonyExpress-Prefix.pch */,
			);
			name = "Supporting Files";
			sourceTree = "<group>";
		};
		D83E1B7B1411528100CB1258 /* PonyExpressTests */ = {
			isa = PBXGroup;
			children = (
				D83E1B811411528100CB1258 /* PonyExpressTests.h */,
				D83E1B821411528100CB1258 /* PonyExpressTests.m */,
				D84ED0711417FC9C00AD4737 /* PonyExpressMessageTests.h */,
				D84ED0721417FC9C00AD4737 /* PonyExpressMessageTests.m */,
				D83E1B7C1411528100CB1258 /* Supporting Files */,
			);
			path = PonyExpressTests;
			sourceTree = "<group>";
		};
		D83E1B7C1411528100CB1258 /* Supporting Files */ = {
			isa = PBXGroup;
			children = (
				D83E1B7D1411528100CB1258 /* PonyExpressTests-Info.plist */,
				D83E1B7E1411528100CB1258 /* InfoPlist.strings */,
			);
			name = "Supporting Files";
			sourceTree = "<group>";
		};
		D83E1BDA1412F87A00CB1258 /* OrphanExample */ = {
			isa = PBXGroup;
			children = (
				D83E1BDB1412F87A00CB1258 /* main.m */,
				D83E1BDF1412F87A00CB1258 /* OrphanExample.1 */,
				D83E1BDD1412F87A00CB1258 /* Supporting Files */,
			);
			path = OrphanExample;
			sourceTree = "<group>";
		};
		D83E1BDD1412F87A00CB1258 /* Supporting Files */ = {
			isa = PBXGroup;
			children = (
				D83E1BDE1412F87A00CB1258 /* OrphanExample-Prefix.pch */,
			);
			name = "Supporting Files";
			sourceTree = "<group>";
		};
		D87C17F81413F3CF005A08F3 /* AsyncSocket */ = {
			isa = PBXGroup;
			children = (
				D8BA3BA11416C4C70076037F /* AsyncUdpSocket.h */,
				D8BA3BA21416C4C70076037F /* AsyncUdpSocket.m */,
			);
			name = AsyncSocket;
			sourceTree = "<group>";
		};
/* End PBXGroup section */

/* Begin PBXHeadersBuildPhase section */
		D83E1B591411528100CB1258 /* Headers */ = {
			isa = PBXHeadersBuildPhase;
			buildActionMask = 2147483647;
			files = (
				D83E1B9C141190E200CB1258 /* PonyExpress.h in Headers */,
				D83E1BA114119A2C00CB1258 /* PEOSCMessage.h in Headers */,
				D83E1B98141190B000CB1258 /* PEOSCSender.h in Headers */,
				D83E1BAF1411A41400CB1258 /* PEOSCMessage-Private.h in Headers */,
				D87C18001413FCA7005A08F3 /* PonyExpress-Internal.h in Headers */,
				D8BA3BA31416C4C70076037F /* AsyncUdpSocket.h in Headers */,
			);
			runOnlyForDeploymentPostprocessing = 0;
		};
/* End PBXHeadersBuildPhase section */

/* Begin PBXNativeTarget section */
		D83E1B5B1411528100CB1258 /* PonyExpress */ = {
			isa = PBXNativeTarget;
			buildConfigurationList = D83E1B861411528100CB1258 /* Build configuration list for PBXNativeTarget "PonyExpress" */;
			buildPhases = (
				D83E1B571411528100CB1258 /* Sources */,
				D83E1B581411528100CB1258 /* Frameworks */,
				D83E1B591411528100CB1258 /* Headers */,
				D83E1B5A1411528100CB1258 /* Resources */,
			);
			buildRules = (
			);
			dependencies = (
			);
			name = PonyExpress;
			productName = PonyExpress;
			productReference = D83E1B5C1411528100CB1258 /* PonyExpress.framework */;
			productType = "com.apple.product-type.framework";
		};
		D83E1B731411528100CB1258 /* PonyExpressTests */ = {
			isa = PBXNativeTarget;
			buildConfigurationList = D83E1B891411528100CB1258 /* Build configuration list for PBXNativeTarget "PonyExpressTests" */;
			buildPhases = (
				D83E1B6F1411528100CB1258 /* Sources */,
				D83E1B701411528100CB1258 /* Frameworks */,
				D83E1B711411528100CB1258 /* Resources */,
				D83E1B721411528100CB1258 /* ShellScript */,
			);
			buildRules = (
			);
			dependencies = (
				D83E1B791411528100CB1258 /* PBXTargetDependency */,
			);
			name = PonyExpressTests;
			productName = PonyExpressTests;
			productReference = D83E1B741411528100CB1258 /* PonyExpressTests.octest */;
			productType = "com.apple.product-type.bundle";
		};
		D83E1BD61412F87A00CB1258 /* OrphanExample */ = {
			isa = PBXNativeTarget;
			buildConfigurationList = D83E1BE11412F87A00CB1258 /* Build configuration list for PBXNativeTarget "OrphanExample" */;
			buildPhases = (
				D83E1BD31412F87A00CB1258 /* Sources */,
				D83E1BD41412F87A00CB1258 /* Frameworks */,
				D83E1BD51412F87A00CB1258 /* CopyFiles */,
			);
			buildRules = (
			);
			dependencies = (
				D83E1BE61412F98F00CB1258 /* PBXTargetDependency */,
			);
			name = OrphanExample;
			productName = OrphanExample;
			productReference = D83E1BD71412F87A00CB1258 /* OrphanExample */;
			productType = "com.apple.product-type.tool";
		};
/* End PBXNativeTarget section */

/* Begin PBXProject section */
		D83E1B521411528000CB1258 /* Project object */ = {
			isa = PBXProject;
			attributes = {
				LastUpgradeCheck = 0420;
				ORGANIZATIONNAME = "Chorded Constructions";
			};
			buildConfigurationList = D83E1B551411528000CB1258 /* Build configuration list for PBXProject "PonyExpress" */;
			compatibilityVersion = "Xcode 3.2";
			developmentRegion = English;
			hasScannedForEncodings = 0;
			knownRegions = (
				en,
			);
			mainGroup = D83E1B501411528000CB1258;
			productRefGroup = D83E1B5D1411528100CB1258 /* Products */;
			projectDirPath = "";
			projectRoot = "";
			targets = (
				D83E1B5B1411528100CB1258 /* PonyExpress */,
				D83E1B731411528100CB1258 /* PonyExpressTests */,
				D83E1BD61412F87A00CB1258 /* OrphanExample */,
			);
		};
/* End PBXProject section */

/* Begin PBXResourcesBuildPhase section */
		D83E1B5A1411528100CB1258 /* Resources */ = {
			isa = PBXResourcesBuildPhase;
			buildActionMask = 2147483647;
			files = (
				D83E1B6A1411528100CB1258 /* InfoPlist.strings in Resources */,
			);
			runOnlyForDeploymentPostprocessing = 0;
		};
		D83E1B711411528100CB1258 /* Resources */ = {
			isa = PBXResourcesBuildPhase;
			buildActionMask = 2147483647;
			files = (
				D83E1B801411528100CB1258 /* InfoPlist.strings in Resources */,
			);
			runOnlyForDeploymentPostprocessing = 0;
		};
/* End PBXResourcesBuildPhase section */

/* Begin PBXShellScriptBuildPhase section */
		D83E1B721411528100CB1258 /* ShellScript */ = {
			isa = PBXShellScriptBuildPhase;
			buildActionMask = 2147483647;
			files = (
			);
			inputPaths = (
			);
			outputPaths = (
			);
			runOnlyForDeploymentPostprocessing = 0;
			shellPath = /bin/sh;
			shellScript = "# Run the unit tests in this test bundle.\n\"${SYSTEM_DEVELOPER_DIR}/Tools/RunUnitTests\"\n";
		};
/* End PBXShellScriptBuildPhase section */

/* Begin PBXSourcesBuildPhase section */
		D83E1B571411528100CB1258 /* Sources */ = {
			isa = PBXSourcesBuildPhase;
			buildActionMask = 2147483647;
			files = (
				D83E1B99141190B000CB1258 /* PEOSCSender.m in Sources */,
				D83E1BA214119A2C00CB1258 /* PEOSCMessage.m in Sources */,
				D8BA3BA41416C4C70076037F /* AsyncUdpSocket.m in Sources */,
			);
			runOnlyForDeploymentPostprocessing = 0;
		};
		D83E1B6F1411528100CB1258 /* Sources */ = {
			isa = PBXSourcesBuildPhase;
			buildActionMask = 2147483647;
			files = (
				D83E1B831411528100CB1258 /* PonyExpressTests.m in Sources */,
				D83E1B9A141190B000CB1258 /* PEOSCSender.m in Sources */,
				D83E1BA314119A2C00CB1258 /* PEOSCMessage.m in Sources */,
				D84ED0731417FC9C00AD4737 /* PonyExpressMessageTests.m in Sources */,
			);
			runOnlyForDeploymentPostprocessing = 0;
		};
		D83E1BD31412F87A00CB1258 /* Sources */ = {
			isa = PBXSourcesBuildPhase;
			buildActionMask = 2147483647;
			files = (
				D83E1BDC1412F87A00CB1258 /* main.m in Sources */,
			);
			runOnlyForDeploymentPostprocessing = 0;
		};
/* End PBXSourcesBuildPhase section */

/* Begin PBXTargetDependency section */
		D83E1B791411528100CB1258 /* PBXTargetDependency */ = {
			isa = PBXTargetDependency;
			target = D83E1B5B1411528100CB1258 /* PonyExpress */;
			targetProxy = D83E1B781411528100CB1258 /* PBXContainerItemProxy */;
		};
		D83E1BE61412F98F00CB1258 /* PBXTargetDependency */ = {
			isa = PBXTargetDependency;
			target = D83E1B5B1411528100CB1258 /* PonyExpress */;
			targetProxy = D83E1BE51412F98F00CB1258 /* PBXContainerItemProxy */;
		};
/* End PBXTargetDependency section */

/* Begin PBXVariantGroup section */
		D83E1B681411528100CB1258 /* InfoPlist.strings */ = {
			isa = PBXVariantGroup;
			children = (
				D83E1B691411528100CB1258 /* en */,
			);
			name = InfoPlist.strings;
			sourceTree = "<group>";
		};
		D83E1B7E1411528100CB1258 /* InfoPlist.strings */ = {
			isa = PBXVariantGroup;
			children = (
				D83E1B7F1411528100CB1258 /* en */,
			);
			name = InfoPlist.strings;
			sourceTree = "<group>";
		};
/* End PBXVariantGroup section */

/* Begin XCBuildConfiguration section */
		D83E1B841411528100CB1258 /* Debug */ = {
			isa = XCBuildConfiguration;
			buildSettings = {
				ALWAYS_SEARCH_USER_PATHS = NO;
				ARCHS = "$(ARCHS_STANDARD_64_BIT)";
				CLANG_ENABLE_OBJC_ARC = YES;
				COPY_PHASE_STRIP = NO;
				GCC_C_LANGUAGE_STANDARD = gnu99;
				GCC_DYNAMIC_NO_PIC = NO;
				GCC_ENABLE_OBJC_EXCEPTIONS = YES;
				GCC_OPTIMIZATION_LEVEL = 0;
				GCC_PREPROCESSOR_DEFINITIONS = (
					DEBUG,
					"$(inherited)",
				);
				GCC_SYMBOLS_PRIVATE_EXTERN = NO;
				GCC_TREAT_WARNINGS_AS_ERRORS = YES;
				GCC_VERSION = com.apple.compilers.llvm.clang.1_0;
				GCC_WARN_64_TO_32_BIT_CONVERSION = YES;
				GCC_WARN_ABOUT_MISSING_PROTOTYPES = YES;
				GCC_WARN_ABOUT_RETURN_TYPE = YES;
				GCC_WARN_UNUSED_VARIABLE = YES;
				MACOSX_DEPLOYMENT_TARGET = 10.7;
				ONLY_ACTIVE_ARCH = YES;
				RUN_CLANG_STATIC_ANALYZER = YES;
				SDKROOT = macosx;
				WARNING_CFLAGS = "-Wall";
			};
			name = Debug;
		};
		D83E1B851411528100CB1258 /* Release */ = {
			isa = XCBuildConfiguration;
			buildSettings = {
				ALWAYS_SEARCH_USER_PATHS = NO;
				ARCHS = "$(ARCHS_STANDARD_64_BIT)";
				CLANG_ENABLE_OBJC_ARC = YES;
				COPY_PHASE_STRIP = YES;
				DEBUG_INFORMATION_FORMAT = "dwarf-with-dsym";
				GCC_C_LANGUAGE_STANDARD = gnu99;
				GCC_ENABLE_OBJC_EXCEPTIONS = YES;
				GCC_TREAT_WARNINGS_AS_ERRORS = YES;
				GCC_VERSION = com.apple.compilers.llvm.clang.1_0;
				GCC_WARN_64_TO_32_BIT_CONVERSION = YES;
				GCC_WARN_ABOUT_MISSING_PROTOTYPES = YES;
				GCC_WARN_ABOUT_RETURN_TYPE = YES;
				GCC_WARN_UNUSED_VARIABLE = YES;
				MACOSX_DEPLOYMENT_TARGET = 10.7;
				RUN_CLANG_STATIC_ANALYZER = YES;
				SDKROOT = macosx;
				WARNING_CFLAGS = "-Wall";
			};
			name = Release;
		};
		D83E1B871411528100CB1258 /* Debug */ = {
			isa = XCBuildConfiguration;
			buildSettings = {
				DYLIB_COMPATIBILITY_VERSION = 1;
				DYLIB_CURRENT_VERSION = 1;
				FRAMEWORK_VERSION = A;
				GCC_PRECOMPILE_PREFIX_HEADER = YES;
				GCC_PREFIX_HEADER = "PonyExpress/PonyExpress-Prefix.pch";
				INFOPLIST_FILE = "PonyExpress/PonyExpress-Info.plist";
				INSTALL_PATH = "@rpath";
				PRODUCT_NAME = "$(TARGET_NAME)";
				WRAPPER_EXTENSION = framework;
			};
			name = Debug;
		};
		D83E1B881411528100CB1258 /* Release */ = {
			isa = XCBuildConfiguration;
			buildSettings = {
				DYLIB_COMPATIBILITY_VERSION = 1;
				DYLIB_CURRENT_VERSION = 1;
				FRAMEWORK_VERSION = A;
				GCC_PRECOMPILE_PREFIX_HEADER = YES;
				GCC_PREFIX_HEADER = "PonyExpress/PonyExpress-Prefix.pch";
				INFOPLIST_FILE = "PonyExpress/PonyExpress-Info.plist";
				INSTALL_PATH = "@rpath";
				PRODUCT_NAME = "$(TARGET_NAME)";
				WRAPPER_EXTENSION = framework;
			};
			name = Release;
		};
		D83E1B8A1411528100CB1258 /* Debug */ = {
			isa = XCBuildConfiguration;
			buildSettings = {
				FRAMEWORK_SEARCH_PATHS = "$(DEVELOPER_LIBRARY_DIR)/Frameworks";
				GCC_PRECOMPILE_PREFIX_HEADER = YES;
				GCC_PREFIX_HEADER = "PonyExpress/PonyExpress-Prefix.pch";
				INFOPLIST_FILE = "PonyExpressTests/PonyExpressTests-Info.plist";
				PRODUCT_NAME = "$(TARGET_NAME)";
				WRAPPER_EXTENSION = octest;
			};
			name = Debug;
		};
		D83E1B8B1411528100CB1258 /* Release */ = {
			isa = XCBuildConfiguration;
			buildSettings = {
				FRAMEWORK_SEARCH_PATHS = "$(DEVELOPER_LIBRARY_DIR)/Frameworks";
				GCC_PRECOMPILE_PREFIX_HEADER = YES;
				GCC_PREFIX_HEADER = "PonyExpress/PonyExpress-Prefix.pch";
				INFOPLIST_FILE = "PonyExpressTests/PonyExpressTests-Info.plist";
				PRODUCT_NAME = "$(TARGET_NAME)";
				WRAPPER_EXTENSION = octest;
			};
			name = Release;
		};
		D83E1BE21412F87A00CB1258 /* Debug */ = {
			isa = XCBuildConfiguration;
			buildSettings = {
				GCC_PRECOMPILE_PREFIX_HEADER = YES;
				GCC_PREFIX_HEADER = "OrphanExample/OrphanExample-Prefix.pch";
				GCC_PREPROCESSOR_DEFINITIONS = (
					"DEBUG=1",
					"$(inherited)",
				);
				PRODUCT_NAME = "$(TARGET_NAME)";
			};
			name = Debug;
		};
		D83E1BE31412F87A00CB1258 /* Release */ = {
			isa = XCBuildConfiguration;
			buildSettings = {
				GCC_PRECOMPILE_PREFIX_HEADER = YES;
				GCC_PREFIX_HEADER = "OrphanExample/OrphanExample-Prefix.pch";
				PRODUCT_NAME = "$(TARGET_NAME)";
			};
			name = Release;
		};
/* End XCBuildConfiguration section */

/* Begin XCConfigurationList section */
		D83E1B551411528000CB1258 /* Build configuration list for PBXProject "PonyExpress" */ = {
			isa = XCConfigurationList;
			buildConfigurations = (
				D83E1B841411528100CB1258 /* Debug */,
				D83E1B851411528100CB1258 /* Release */,
			);
			defaultConfigurationIsVisible = 0;
			defaultConfigurationName = Release;
		};
		D83E1B861411528100CB1258 /* Build configuration list for PBXNativeTarget "PonyExpress" */ = {
			isa = XCConfigurationList;
			buildConfigurations = (
				D83E1B871411528100CB1258 /* Debug */,
				D83E1B881411528100CB1258 /* Release */,
			);
			defaultConfigurationIsVisible = 0;
			defaultConfigurationName = Release;
		};
		D83E1B891411528100CB1258 /* Build configuration list for PBXNativeTarget "PonyExpressTests" */ = {
			isa = XCConfigurationList;
			buildConfigurations = (
				D83E1B8A1411528100CB1258 /* Debug */,
				D83E1B8B1411528100CB1258 /* Release */,
			);
			defaultConfigurationIsVisible = 0;
			defaultConfigurationName = Release;
		};
		D83E1BE11412F87A00CB1258 /* Build configuration list for PBXNativeTarget "OrphanExample" */ = {
			isa = XCConfigurationList;
			buildConfigurations = (
				D83E1BE21412F87A00CB1258 /* Debug */,
				D83E1BE31412F87A00CB1258 /* Release */,
			);
			defaultConfigurationIsVisible = 0;
			defaultConfigurationName = Release;
		};
/* End XCConfigurationList section */
	};
	rootObject = D83E1B521411528000CB1258 /* Project object */;
}
